{
  "name": "flip-card-react-examples",
  "version": "0.0.0",
  "lockfileVersion": 1,
  "requires": true,
  "dependencies": {
    "flip-card-react": {
      "version": "file:.."
    },
    "react": {
      "version": "file:../node_modules/react",
      "integrity": "sha512-YMZQQq32xHLX0bz5Mnibv1/LHb3Sqzngu7xstSM+vrkE5Kzr9xE0yMByK5kMoTK30YVJE61WfbxIFFvfeDKT1w=="
    },
    "react-dom": {
      "version": "file:../node_modules/react-dom",
      "integrity": "sha512-81PIMmVLnCNLO/fFOQxdQkvEq/+Hfpv24XNJfpyZhTRfO0QcmQIF/PgCa1zCOj2w1hrn12MFLyaJ/G0+Mxtfag=="
    },
    "react-scripts": {
      "version": "file:../node_modules/react-scripts",
      "integrity": "sha512-JpTdi/0Sfd31mZA6Ukx+lq5j1JoKItX7qqEK4OiACjVQletM1P38g49d9/D0yTxp9FrSF+xpJFStkGgKEIRjlQ=="
    }
  }
}
